
Microsoft Visual Studio Solution File, Format Version 12.00
# Visual Studio 14
VisualStudioVersion = 14.0.25420.1
MinimumVisualStudioVersion = 10.0.40219.1
Project("{FAE04EC0-301F-11D3-BF4B-00C04F79EFBC}") = "MSBuildVersioning", "MSBuildVersioning\MSBuildVersioning.csproj", "{A8C04BD0-ED60-4920-920F-FE3A12F34C50}"
EndProject
Project("{FAE04EC0-301F-11D3-BF4B-00C04F79EFBC}") = "MSBuildVersioning.Test", "MSBuildVersioning.Test\MSBuildVersioning.Test.csproj", "{44FF758F-F289-4A5A-A75C-13F1040F2157}"
EndProject
Project("{FAE04EC0-301F-11D3-BF4B-00C04F79EFBC}") = "MSBuildVersioning.Debug", "MSBuildVersioning.Debug\MSBuildVersioning.Debug.csproj", "{AE5DA302-0323-4085-A93A-DB07555D9ABA}"
EndProject
Project("{2150E333-8FDC-42A3-9474-1A3956D46DE8}") = ".nuget", ".nuget", "{9E21D01B-9433-4A7D-9F8C-5B9A92AD6499}"
	ProjectSection(SolutionItems) = preProject
		.nuget\nuget.exe = .nuget\nuget.exe
		.nuget\nuget.targets = .nuget\nuget.targets
		.nuget\packages.config = .nuget\packages.config
	EndProjectSection
EndProject
Project("{2150E333-8FDC-42A3-9474-1A3956D46DE8}") = "Solution Items", "Solution Items", "{6C0D319B-DB73-4186-AFC4-F4CAF7652FBE}"
	ProjectSection(SolutionItems) = preProject
		.gitattributes = .gitattributes
		.gitignore = .gitignore
		README.md = README.md
	EndProjectSection
EndProject
Global
	GlobalSection(SolutionConfigurationPlatforms) = preSolution
		Bootstrap|Any CPU = Bootstrap|Any CPU
		Bootstrap|Mixed Platforms = Bootstrap|Mixed Platforms
		Bootstrap|x86 = Bootstrap|x86
		Debug|Any CPU = Debug|Any CPU
		Debug|Mixed Platforms = Debug|Mixed Platforms
		Debug|x86 = Debug|x86
		Release|Any CPU = Release|Any CPU
		Release|Mixed Platforms = Release|Mixed Platforms
		Release|x86 = Release|x86
	EndGlobalSection
	GlobalSection(ProjectConfigurationPlatforms) = postSolution
		{A8C04BD0-ED60-4920-920F-FE3A12F34C50}.Bootstrap|Any CPU.ActiveCfg = Debug|Any CPU
		{A8C04BD0-ED60-4920-920F-FE3A12F34C50}.Bootstrap|Any CPU.Build.0 = Debug|Any CPU
		{A8C04BD0-ED60-4920-920F-FE3A12F34C50}.Bootstrap|Mixed Platforms.ActiveCfg = Bootstrap|Any CPU
		{A8C04BD0-ED60-4920-920F-FE3A12F34C50}.Bootstrap|Mixed Platforms.Build.0 = Bootstrap|Any CPU
		{A8C04BD0-ED60-4920-920F-FE3A12F34C50}.Bootstrap|x86.ActiveCfg = Debug|Any CPU
		{A8C04BD0-ED60-4920-920F-FE3A12F34C50}.Debug|Any CPU.ActiveCfg = Debug|Any CPU
		{A8C04BD0-ED60-4920-920F-FE3A12F34C50}.Debug|Any CPU.Build.0 = Debug|Any CPU
		{A8C04BD0-ED60-4920-920F-FE3A12F34C50}.Debug|Mixed Platforms.ActiveCfg = Debug|Any CPU
		{A8C04BD0-ED60-4920-920F-FE3A12F34C50}.Debug|Mixed Platforms.Build.0 = Debug|Any CPU
		{A8C04BD0-ED60-4920-920F-FE3A12F34C50}.Debug|x86.ActiveCfg = Debug|Any CPU
		{A8C04BD0-ED60-4920-920F-FE3A12F34C50}.Release|Any CPU.ActiveCfg = Release|Any CPU
		{A8C04BD0-ED60-4920-920F-FE3A12F34C50}.Release|Any CPU.Build.0 = Release|Any CPU
		{A8C04BD0-ED60-4920-920F-FE3A12F34C50}.Release|Mixed Platforms.ActiveCfg = Release|Any CPU
		{A8C04BD0-ED60-4920-920F-FE3A12F34C50}.Release|Mixed Platforms.Build.0 = Release|Any CPU
		{A8C04BD0-ED60-4920-920F-FE3A12F34C50}.Release|x86.ActiveCfg = Release|Any CPU
		{44FF758F-F289-4A5A-A75C-13F1040F2157}.Bootstrap|Any CPU.ActiveCfg = Debug|Any CPU
		{44FF758F-F289-4A5A-A75C-13F1040F2157}.Bootstrap|Any CPU.Build.0 = Debug|Any CPU
		{44FF758F-F289-4A5A-A75C-13F1040F2157}.Bootstrap|Mixed Platforms.ActiveCfg = Debug|Any CPU
		{44FF758F-F289-4A5A-A75C-13F1040F2157}.Bootstrap|x86.ActiveCfg = Debug|Any CPU
		{44FF758F-F289-4A5A-A75C-13F1040F2157}.Debug|Any CPU.ActiveCfg = Debug|Any CPU
		{44FF758F-F289-4A5A-A75C-13F1040F2157}.Debug|Any CPU.Build.0 = Debug|Any CPU
		{44FF758F-F289-4A5A-A75C-13F1040F2157}.Debug|Mixed Platforms.ActiveCfg = Debug|Any CPU
		{44FF758F-F289-4A5A-A75C-13F1040F2157}.Debug|Mixed Platforms.Build.0 = Debug|Any CPU
		{44FF758F-F289-4A5A-A75C-13F1040F2157}.Debug|x86.ActiveCfg = Debug|Any CPU
		{44FF758F-F289-4A5A-A75C-13F1040F2157}.Release|Any CPU.ActiveCfg = Release|Any CPU
		{44FF758F-F289-4A5A-A75C-13F1040F2157}.Release|Any CPU.Build.0 = Release|Any CPU
		{44FF758F-F289-4A5A-A75C-13F1040F2157}.Release|Mixed Platforms.ActiveCfg = Release|Any CPU
		{44FF758F-F289-4A5A-A75C-13F1040F2157}.Release|Mixed Platforms.Build.0 = Release|Any CPU
		{44FF758F-F289-4A5A-A75C-13F1040F2157}.Release|x86.ActiveCfg = Release|Any CPU
		{AE5DA302-0323-4085-A93A-DB07555D9ABA}.Bootstrap|Any CPU.ActiveCfg = Debug|x86
		{AE5DA302-0323-4085-A93A-DB07555D9ABA}.Bootstrap|Mixed Platforms.ActiveCfg = Debug|x86
		{AE5DA302-0323-4085-A93A-DB07555D9ABA}.Bootstrap|x86.ActiveCfg = Debug|x86
		{AE5DA302-0323-4085-A93A-DB07555D9ABA}.Bootstrap|x86.Build.0 = Debug|x86
		{AE5DA302-0323-4085-A93A-DB07555D9ABA}.Debug|Any CPU.ActiveCfg = Debug|x86
		{AE5DA302-0323-4085-A93A-DB07555D9ABA}.Debug|Mixed Platforms.ActiveCfg = Debug|x86
		{AE5DA302-0323-4085-A93A-DB07555D9ABA}.Debug|x86.ActiveCfg = Debug|x86
		{AE5DA302-0323-4085-A93A-DB07555D9ABA}.Debug|x86.Build.0 = Debug|x86
		{AE5DA302-0323-4085-A93A-DB07555D9ABA}.Release|Any CPU.ActiveCfg = Release|x86
		{AE5DA302-0323-4085-A93A-DB07555D9ABA}.Release|Mixed Platforms.ActiveCfg = Release|x86
		{AE5DA302-0323-4085-A93A-DB07555D9ABA}.Release|x86.ActiveCfg = Release|x86
		{AE5DA302-0323-4085-A93A-DB07555D9ABA}.Release|x86.Build.0 = Release|x86
	EndGlobalSection
	GlobalSection(SolutionProperties) = preSolution
		HideSolutionNode = FALSE
	EndGlobalSection
EndGlobal
